
Microsoft Visual Studio Solution File, Format Version 12.00
# Visual Studio Version 17
VisualStudioVersion = 17.7.34221.43
MinimumVisualStudioVersion = 10.0.40219.1
Project("{FAE04EC0-301F-11D3-BF4B-00C04F79EFBC}") = "Public Projects", "Public Projects.csproj", "{71BFB077-CBE0-4418-AD58-167F2BDECE3F}"
EndProject
Global
	GlobalSection(SolutionConfigurationPlatforms) = preSolution
		Debug|Any CPU = Debug|Any CPU
		Release|Any CPU = Release|Any CPU
	EndGlobalSection
	GlobalSection(ProjectConfigurationPlatforms) = postSolution
		{71BFB077-CBE0-4418-AD58-167F2BDECE3F}.Debug|Any CPU.ActiveCfg = Debug|Any CPU
		{71BFB077-CBE0-4418-AD58-167F2BDECE3F}.Debug|Any CPU.Build.0 = Debug|Any CPU
		{71BFB077-CBE0-4418-AD58-167F2BDECE3F}.Release|Any CPU.ActiveCfg = Release|Any CPU
		{71BFB077-CBE0-4418-AD58-167F2BDECE3F}.Release|Any CPU.Build.0 = Release|Any CPU
	EndGlobalSection
	GlobalSection(SolutionProperties) = preSolution
		HideSolutionNode = FALSE
	EndGlobalSection
	GlobalSection(ExtensibilityGlobals) = postSolution
		SolutionGuid = {21D8CB9E-A3FE-4929-A037-DB1BB9A8804F}
	EndGlobalSection
EndGlobal
